
Microsoft Visual Studio Solution File, Format Version 12.00
# Visual Studio 2013
VisualStudioVersion = 12.0.21005.1
MinimumVisualStudioVersion = 10.0.40219.1
Project("{FAE04EC0-301F-11D3-BF4B-00C04F79EFBC}") = "PatternRecognitionLib", "PatternRecognitionLib\PatternRecognitionLib.csproj", "{A9969389-1ECB-4D98-A47E-56D9E60DBCAA}"
EndProject
Project("{FAE04EC0-301F-11D3-BF4B-00C04F79EFBC}") = "UIProj", "UIProj\UIProj.csproj", "{C000210F-1DCD-424F-A36D-71A831EDF008}"
EndProject
Project("{FAE04EC0-301F-11D3-BF4B-00C04F79EFBC}") = "GraphicsLib", "GraphicsLib\GraphicsLib.csproj", "{CC28EE1F-C11A-45E9-82A4-D64B711B0C42}"
EndProject
Global
	GlobalSection(SolutionConfigurationPlatforms) = preSolution
		Debug|Any CPU = Debug|Any CPU
		Release|Any CPU = Release|Any CPU
	EndGlobalSection
	GlobalSection(ProjectConfigurationPlatforms) = postSolution
		{A9969389-1ECB-4D98-A47E-56D9E60DBCAA}.Debug|Any CPU.ActiveCfg = Debug|Any CPU
		{A9969389-1ECB-4D98-A47E-56D9E60DBCAA}.Debug|Any CPU.Build.0 = Debug|Any CPU
		{A9969389-1ECB-4D98-A47E-56D9E60DBCAA}.Release|Any CPU.ActiveCfg = Release|Any CPU
		{A9969389-1ECB-4D98-A47E-56D9E60DBCAA}.Release|Any CPU.Build.0 = Release|Any CPU
		{C000210F-1DCD-424F-A36D-71A831EDF008}.Debug|Any CPU.ActiveCfg = Debug|Any CPU
		{C000210F-1DCD-424F-A36D-71A831EDF008}.Debug|Any CPU.Build.0 = Debug|Any CPU
		{C000210F-1DCD-424F-A36D-71A831EDF008}.Release|Any CPU.ActiveCfg = Release|Any CPU
		{C000210F-1DCD-424F-A36D-71A831EDF008}.Release|Any CPU.Build.0 = Release|Any CPU
		{CC28EE1F-C11A-45E9-82A4-D64B711B0C42}.Debug|Any CPU.ActiveCfg = Debug|Any CPU
		{CC28EE1F-C11A-45E9-82A4-D64B711B0C42}.Debug|Any CPU.Build.0 = Debug|Any CPU
		{CC28EE1F-C11A-45E9-82A4-D64B711B0C42}.Release|Any CPU.ActiveCfg = Release|Any CPU
		{CC28EE1F-C11A-45E9-82A4-D64B711B0C42}.Release|Any CPU.Build.0 = Release|Any CPU
	EndGlobalSection
	GlobalSection(SolutionProperties) = preSolution
		HideSolutionNode = FALSE
	EndGlobalSection
EndGlobal
